{
  "name": "web.verify.coq",
  "version": "0.0.1",
  "lockfileVersion": 1,
  "requires": true,
  "dependencies": {
    "jquery": {
      "version": "3.3.1",
      "resolved": "https://registry.npmjs.org/jquery/-/jquery-3.3.1.tgz",
      "integrity": "sha512-Ubldcmxp5np52/ENotGxlLe6aGMvmF4R8S6tZjsP6Knsaxd/xp3Zrh50cG93lR6nPXyUFwzN3ZSOQI0wRJNdGg=="
    },
    "prelude-ls-browser": {
      "version": "git+https://github.com/franklx/prelude-ls.git#318dd0932a77699a9fddcd6e307e18c2d1588d6a",
      "from": "git+https://github.com/franklx/prelude-ls.git"
    }
  }
}
